<?xml version="1.0" encoding="utf-8"?>
<Project ToolsVersion="4.0" xmlns="http://schemas.microsoft.com/developer/msbuild/2003">
  <ItemGroup>
    <Filter Include="Исходные файлы">
      <UniqueIdentifier>{4FC737F1-C7A5-4376-A066-2A32D752A2FF}</UniqueIdentifier>
      <Extensions>cpp;c;cc;cxx;c++;cppm;ixx;def;odl;idl;hpj;bat;asm;asmx</Extensions>
    </Filter>
    <Filter Include="Файлы заголовков">
      <UniqueIdentifier>{93995380-89BD-4b04-88EB-625FBE52EBFB}</UniqueIdentifier>
      <Extensions>h;hh;hpp;hxx;h++;hm;inl;inc;ipp;xsd</Extensions>
    </Filter>
    <Filter Include="Файлы ресурсов">
      <UniqueIdentifier>{67DA6AB6-F800-4c08-8B7A-83BB121AAD01}</UniqueIdentifier>
      <Extensions>rc;ico;cur;bmp;dlg;rc2;rct;bin;rgs;gif;jpg;jpeg;jpe;resx;tiff;tif;png;wav;mfcribbon-ms</Extensions>
    </Filter>
    <Filter Include="Models">
      <UniqueIdentifier>{cf7921bc-46f9-432d-b181-72c7a1e31d4c}</UniqueIdentifier>
    </Filter>
    <Filter Include="Models\Class1">
      <UniqueIdentifier>{3b7feecf-be2a-4132-89ed-cf1f02d2553f}</UniqueIdentifier>
    </Filter>
    <Filter Include="Models\Class2">
      <UniqueIdentifier>{9bc050f4-3317-4ab8-b57b-59869b139b12}</UniqueIdentifier>
    </Filter>
    <Filter Include="Models\Class3">
      <UniqueIdentifier>{1b86b6e9-fa64-457e-84f5-4563b4b01cbc}</UniqueIdentifier>
    </Filter>
  </ItemGroup>
  <ItemGroup>
    <ClCompile Include="main.cpp">
      <Filter>Исходные файлы</Filter>
    </ClCompile>
    <ClCompile Include="Teacher.cpp">
      <Filter>Models\Class1</Filter>
    </ClCompile>
    <ClCompile Include="Student.cpp">
      <Filter>Models\Class2</Filter>
    </ClCompile>
    <ClCompile Include="Course.cpp">
      <Filter>Models\Class3</Filter>
    </ClCompile>
    <ClCompile Include="Func.cpp">
      <Filter>Исходные файлы</Filter>
    </ClCompile>
  </ItemGroup>
  <ItemGroup>
    <ClInclude Include="User.hpp">
      <Filter>Файлы заголовков</Filter>
    </ClInclude>
    <ClInclude Include="Teacher.hpp">
      <Filter>Models\Class1</Filter>
    </ClInclude>
    <ClInclude Include="Student.hpp">
      <Filter>Models\Class2</Filter>
    </ClInclude>
    <ClInclude Include="Course.hpp">
      <Filter>Models\Class3</Filter>
    </ClInclude>
    <ClInclude Include="Func.hpp">
      <Filter>Файлы заголовков</Filter>
    </ClInclude>
  </ItemGroup>
  <ItemGroup>
    <None Include="ClassDiagram.cd" />
  </ItemGroup>
</Project>